{
  "projects": [
    {
      "projectId": "ohDidvG9XsCeFumugENU3J",
      "version": "6.29.0",
      "dependencies": {},
      "lang": "ts",
      "fileLocks": [
        {
          "assetId": "ohDidvG9XsCeFumugENU3J",
          "type": "projectCss",
          "checksum": "ba2a60a163fca4f4d510275088a2be53"
        },
        {
          "assetId": "ohDidvG9XsCeFumugENU3J",
          "checksum": "f9cc098ce5640eefe7d9edb8470a210c",
          "type": "globalContexts"
        }
      ],
      "codegenVersion": "0.0.1"
    },
    {
      "projectId": "gmeH6XgPaBtkt51HunAo4g",
      "version": "18.17.0",
      "dependencies": {},
      "lang": "ts",
      "fileLocks": [
        {
          "assetId": "gmeH6XgPaBtkt51HunAo4g",
          "type": "projectCss",
          "checksum": "1c02168c6b23256606111fdfdbb63549"
        }
      ],
      "codegenVersion": "0.0.1"
    },
    {
      "projectId": "seaQhLVS4bbjiGvJJrRwyL",
      "version": "15.0.3",
      "dependencies": {},
      "lang": "ts",
      "fileLocks": [
        {
          "assetId": "seaQhLVS4bbjiGvJJrRwyL",
          "type": "projectCss",
          "checksum": "174eea901e0665102c7080f882556fac"
        }
      ],
      "codegenVersion": "0.0.1"
    },
    {
      "projectId": "uxt9vFaCd33rdvxeE5TgZm",
      "version": "latest",
      "dependencies": {
        "seaQhLVS4bbjiGvJJrRwyL": "15.0.3",
        "gmeH6XgPaBtkt51HunAo4g": "18.17.0",
        "ohDidvG9XsCeFumugENU3J": "6.29.0"
      },
      "lang": "ts",
      "fileLocks": [
        {
          "type": "globalVariant",
          "assetId": "AwyRvNH30Vdd",
          "checksum": "ec4e21d81b2d00d77fbd8ed092ea11fd"
        },
        {
          "assetId": "uxt9vFaCd33rdvxeE5TgZm",
          "type": "projectCss",
          "checksum": "695529c73b110f4a9f64f73ded60ecab"
        },
        {
          "assetId": "uxt9vFaCd33rdvxeE5TgZm",
          "checksum": "c12a27ae3647cca4a1f72ae7ff514a3c",
          "type": "globalContexts"
        },
        {
          "type": "renderModule",
          "assetId": "a4ivA-ac7CLJ",
          "checksum": "5c5ed2362471d18c30388bffb183155d"
        },
        {
          "type": "cssRules",
          "assetId": "a4ivA-ac7CLJ",
          "checksum": "5c5ed2362471d18c30388bffb183155d"
        },
        {
          "type": "renderModule",
          "assetId": "9WADNG40y6rY",
          "checksum": "0239198c674eb7ffa4e0527882b56dd1"
        },
        {
          "type": "cssRules",
          "assetId": "9WADNG40y6rY",
          "checksum": "0239198c674eb7ffa4e0527882b56dd1"
        },
        {
          "type": "renderModule",
          "assetId": "ZxVLOxlZsj0D",
          "checksum": "c3ab0e5ce629469848925d5cc846c566"
        },
        {
          "type": "cssRules",
          "assetId": "ZxVLOxlZsj0D",
          "checksum": "c3ab0e5ce629469848925d5cc846c566"
        },
        {
          "type": "renderModule",
          "assetId": "SBs5lWXRLDAX",
          "checksum": "456758f1537ea8d7daed336f79649a5d"
        },
        {
          "type": "cssRules",
          "assetId": "SBs5lWXRLDAX",
          "checksum": "456758f1537ea8d7daed336f79649a5d"
        },
        {
          "type": "renderModule",
          "assetId": "oxSvomIh7nrf",
          "checksum": "bf3d2a0b28696cf41e075725196a974e"
        },
        {
          "type": "cssRules",
          "assetId": "oxSvomIh7nrf",
          "checksum": "bf3d2a0b28696cf41e075725196a974e"
        },
        {
          "type": "renderModule",
          "assetId": "pfw0p0r483ve",
          "checksum": "3f7487f839b63bd1822c3dde683bf297"
        },
        {
          "type": "cssRules",
          "assetId": "pfw0p0r483ve",
          "checksum": "3f7487f839b63bd1822c3dde683bf297"
        },
        {
          "type": "renderModule",
          "assetId": "UeY4FrAbVIKj",
          "checksum": "c4ac03585c880a82a9258d1f6b60334e"
        },
        {
          "type": "cssRules",
          "assetId": "UeY4FrAbVIKj",
          "checksum": "c4ac03585c880a82a9258d1f6b60334e"
        },
        {
          "type": "renderModule",
          "assetId": "NPtCun56Yx90",
          "checksum": "94f61caeecada5efb1796ff6406887a5"
        },
        {
          "type": "cssRules",
          "assetId": "NPtCun56Yx90",
          "checksum": "94f61caeecada5efb1796ff6406887a5"
        },
        {
          "type": "renderModule",
          "assetId": "U01v9xdOIEnk",
          "checksum": "5a30bf354e88cc12360b648e9f6ff366"
        },
        {
          "type": "cssRules",
          "assetId": "U01v9xdOIEnk",
          "checksum": "5a30bf354e88cc12360b648e9f6ff366"
        },
        {
          "type": "renderModule",
          "assetId": "-oAWrAr6TcnI",
          "checksum": "4195437004576c252ee827cabd1937a1"
        },
        {
          "type": "cssRules",
          "assetId": "-oAWrAr6TcnI",
          "checksum": "4195437004576c252ee827cabd1937a1"
        },
        {
          "type": "renderModule",
          "assetId": "Xu0Y4geQxKdk",
          "checksum": "22416633ee6e7058b51587c3cb1059ce"
        },
        {
          "type": "cssRules",
          "assetId": "Xu0Y4geQxKdk",
          "checksum": "22416633ee6e7058b51587c3cb1059ce"
        },
        {
          "type": "renderModule",
          "assetId": "t5NAnZza_oxe",
          "checksum": "4d1d317abf7781b82038e9292b93e0de"
        },
        {
          "type": "cssRules",
          "assetId": "t5NAnZza_oxe",
          "checksum": "4d1d317abf7781b82038e9292b93e0de"
        },
        {
          "type": "renderModule",
          "assetId": "Tgm80sBGEiJH",
          "checksum": "e2c8768667934b21671b4140ea7bd2df"
        },
        {
          "type": "cssRules",
          "assetId": "Tgm80sBGEiJH",
          "checksum": "e2c8768667934b21671b4140ea7bd2df"
        },
        {
          "type": "renderModule",
          "assetId": "jkYWxZEmZtMR",
          "checksum": "101ff8b7ab99a4e61c3925fa50aa27df"
        },
        {
          "type": "cssRules",
          "assetId": "jkYWxZEmZtMR",
          "checksum": "101ff8b7ab99a4e61c3925fa50aa27df"
        },
        {
          "type": "renderModule",
          "assetId": "-V1szxTvynQf",
          "checksum": "77363402b11af0288bb3318c880cb199"
        },
        {
          "type": "cssRules",
          "assetId": "-V1szxTvynQf",
          "checksum": "77363402b11af0288bb3318c880cb199"
        },
        {
          "type": "icon",
          "assetId": "GGWnt4K6Kv7F",
          "checksum": "78a1105e368c4c37b779aef5bc559733"
        },
        {
          "type": "icon",
          "assetId": "URJDtK701Oo1",
          "checksum": "631f7a99bf1551350de84fdf0be26eb6"
        },
        {
          "type": "icon",
          "assetId": "IbieH7OYyWUh",
          "checksum": "16983ee6952321e4a8175ef7daf65dcf"
        },
        {
          "type": "icon",
          "assetId": "tlFaRAylRFIl",
          "checksum": "28c3e13062fa8533cac3550cd1e428dc"
        },
        {
          "type": "icon",
          "assetId": "ai1f3COsvKKd",
          "checksum": "d987e20efa5ebb22108c76291183637b"
        },
        {
          "type": "icon",
          "assetId": "cFG9NDcPaHGU",
          "checksum": "1f4ada7a0e9e266ca10d4ece2baf60fc"
        },
        {
          "type": "icon",
          "assetId": "gC4WEir-s2uI",
          "checksum": "f5f46b5cbf19a5ccf42a0bca95dde488"
        },
        {
          "type": "icon",
          "assetId": "VfKxL2DF5dzc",
          "checksum": "b604f4a28e6022754358c5b0cd18cb8f"
        },
        {
          "type": "icon",
          "assetId": "L2fbUyD7a_Hd",
          "checksum": "9ca116e5dde8e8c459603620b4e760d7"
        },
        {
          "type": "icon",
          "assetId": "H44z6qsMSZiR",
          "checksum": "4e89d8fab5f6c1c929b4ee5f03cf3784"
        },
        {
          "type": "icon",
          "assetId": "vXxdT4eTZtDW",
          "checksum": "4e21de98a025a7313b5c6687790b0b72"
        },
        {
          "type": "icon",
          "assetId": "t_00c7ip-La6",
          "checksum": "342861eb479593490a68e9adf1da46c1"
        },
        {
          "type": "icon",
          "assetId": "Vf30t7Snt-24",
          "checksum": "eef557fce2d4c70a268c411b0845bfd4"
        },
        {
          "type": "icon",
          "assetId": "D2eBTwoO0VZL",
          "checksum": "9fbf1bf239b3f6f07c45c3c31b277864"
        },
        {
          "type": "icon",
          "assetId": "xDeNBqQ2bj5P",
          "checksum": "b1e42230c71276d6f53ea9c7e2508a80"
        },
        {
          "type": "icon",
          "assetId": "VHa9W-_M4Z3Q",
          "checksum": "f032c24849cd4cf9a2cde46e278c135d"
        },
        {
          "type": "icon",
          "assetId": "bBTmHzBZ5QJr",
          "checksum": "863622361b2f93042e1dc144fb535721"
        },
        {
          "type": "icon",
          "assetId": "c7YN5AyxeEUP",
          "checksum": "f490af63a08baca5e9edf1b99431cd7c"
        },
        {
          "type": "icon",
          "assetId": "oCQkrRHXdjCJ",
          "checksum": "cb810543ffad6434ee95d8249933174b"
        },
        {
          "type": "icon",
          "assetId": "MZ4KRcXlNGTg",
          "checksum": "c38b3bf7093b07b6173eb8145f2a13c3"
        },
        {
          "type": "icon",
          "assetId": "gkERV5SOUuRN",
          "checksum": "e9e34ffa678369d610e978339fc8dd16"
        },
        {
          "type": "icon",
          "assetId": "jdAJu8rD50SF",
          "checksum": "ac6257f0b2cec3a12c3872b69e0faebc"
        },
        {
          "type": "icon",
          "assetId": "QrA3fAKo5NEk",
          "checksum": "d2b5f031733ccfe18b23ebce57b58e25"
        },
        {
          "type": "icon",
          "assetId": "BUFNuOpjC570",
          "checksum": "54ce01b3774b6a16dc970879807eb5cd"
        },
        {
          "type": "icon",
          "assetId": "oKkko5AdgE7-",
          "checksum": "150db5c5b2141cf7abcbcb1892dd9270"
        },
        {
          "type": "icon",
          "assetId": "MfJEIgl13VMu",
          "checksum": "17912f3ad241e2e77f2ee1bcd68d690a"
        },
        {
          "type": "icon",
          "assetId": "RdULpS0xIeLQ",
          "checksum": "036e1cd204a48d7033344b33a46aeb5c"
        },
        {
          "type": "icon",
          "assetId": "pP1IipQyzc6M",
          "checksum": "c896fec2672ea25c32431967967a6fd5"
        },
        {
          "type": "icon",
          "assetId": "8ZqXtkIdR0sn",
          "checksum": "f778be54d3e715b0cc273e311443e208"
        },
        {
          "type": "icon",
          "assetId": "r2bt5U7ZaK4F",
          "checksum": "77281b730b848649122a564f0289dc79"
        },
        {
          "type": "icon",
          "assetId": "Tbc4dwntAstM",
          "checksum": "ac440a72a26eba464f8d5a575e883afd"
        },
        {
          "type": "image",
          "assetId": "8BPypksJetGw",
          "checksum": "49352a008cc4e72117aa145ae64dd92c"
        },
        {
          "type": "image",
          "assetId": "L1OnRXXYw_EV",
          "checksum": "a6bc69aa1f4924c00d905741a6decf02"
        },
        {
          "type": "image",
          "assetId": "yFpEBfeeAAtw",
          "checksum": "bbb19dca80c02976dade1e152570d591"
        },
        {
          "type": "image",
          "assetId": "1y3iY2bOuvNa",
          "checksum": "39ea4a2a4f590116a21af9caf360df91"
        },
        {
          "type": "image",
          "assetId": "jxVWNhwp5XWd",
          "checksum": "a5e6b2583ee220550d99011b21d8d1c4"
        },
        {
          "type": "image",
          "assetId": "ZfGkvf0TG6Ln",
          "checksum": "4b7b66c60cbf1324341927ff8eea7033"
        },
        {
          "type": "image",
          "assetId": "E7AWMyQjTBFe",
          "checksum": "7d40305a5c2664865b8444fefb4f3b09"
        },
        {
          "type": "image",
          "assetId": "NoDT5dgj2CJn",
          "checksum": "76c3e2abad418a26bd066c5f585916be"
        },
        {
          "type": "image",
          "assetId": "39jRyzqcg3Li",
          "checksum": "a31881c1a1d9ace5e459010f1a29c731"
        },
        {
          "type": "image",
          "assetId": "3IwJ9S1A8_O2",
          "checksum": "281277efb65762b9c09cccda58d2c3a4"
        },
        {
          "type": "image",
          "assetId": "g7lhzZP81Apl",
          "checksum": "7102244adc13b3d572395dd3f4fafcee"
        },
        {
          "type": "image",
          "assetId": "dQMrqhN4MUpw",
          "checksum": "d36c82ef2189fe28d1dd546fe2785134"
        },
        {
          "type": "image",
          "assetId": "A7s69jZ8MGXv",
          "checksum": "6caa7e46f5acd526e22596d012340dfd"
        },
        {
          "type": "image",
          "assetId": "-sk2mfYhrnYr",
          "checksum": "fa5e17b31a5603024556694ef211c862"
        },
        {
          "type": "image",
          "assetId": "xcqq03Z1hk0l",
          "checksum": "0c0e30edf67bb99fbba212d9980a9e18"
        },
        {
          "type": "image",
          "assetId": "fAwo5gtyNNJD",
          "checksum": "f6f88f9974ea8a1de4f12ea640293379"
        },
        {
          "type": "image",
          "assetId": "247FDUti_ep0",
          "checksum": "13ac992b0a37c89760cceca3c4043ee6"
        },
        {
          "type": "image",
          "assetId": "k5h8ojZ9Ja8E",
          "checksum": "b708545dea11816f1c94cef7137f9400"
        },
        {
          "type": "image",
          "assetId": "pApofZes8qpi",
          "checksum": "ad6510f10e90a837c55109751e3f9308"
        },
        {
          "type": "image",
          "assetId": "ptcm-XPETctB",
          "checksum": "82a75bcd4b0a42b46466c256760984b6"
        },
        {
          "type": "image",
          "assetId": "esIIowYfm3mW",
          "checksum": "0677e31d288516005860824d27396f30"
        },
        {
          "type": "image",
          "assetId": "T6NVCPvuF_pl",
          "checksum": "4a87a723daf10fc2c0b2ffc0dc24246e"
        },
        {
          "type": "image",
          "assetId": "yII8d_idQqlP",
          "checksum": "bb71e1511b7b2036128ea9f096fc4fd3"
        },
        {
          "type": "image",
          "assetId": "Hgbh_THT_bf_",
          "checksum": "646fbf0d93bf0c91c23b120a4466fd9f"
        },
        {
          "type": "image",
          "assetId": "DQGz_pTDDOgL",
          "checksum": "2cdae26d7ab7575868a733a23ef4b990"
        },
        {
          "type": "image",
          "assetId": "4jQ0rRkPUNvK",
          "checksum": "27acb00b552ea6b72016f2d1b6e55da0"
        },
        {
          "type": "image",
          "assetId": "ANGbxN22Ek2b",
          "checksum": "6c9f11ae87e0230b291a27531300c520"
        },
        {
          "type": "image",
          "assetId": "6jfiTDJp7VsN",
          "checksum": "c6c14ccf24cfe3a37eab60bc6e5d0d47"
        },
        {
          "type": "image",
          "assetId": "vXRd5WoXnXra",
          "checksum": "e841adeb7e57d82bee19ac102f05e276"
        },
        {
          "type": "image",
          "assetId": "8geiYTGpEVSf",
          "checksum": "e34a96368e3da99f680fb2e0e450dbe8"
        },
        {
          "type": "image",
          "assetId": "sGkUZI3r_klR",
          "checksum": "c938d2d16dddf8b53948db651e04c343"
        },
        {
          "type": "image",
          "assetId": "RVZRUttjRDMU",
          "checksum": "8fd8d2a195c0930ecc69c2b4575a0feb"
        },
        {
          "type": "image",
          "assetId": "cCuWS1QCfiX3",
          "checksum": "395ab156ce8d3a822cc64deed232a1a1"
        },
        {
          "type": "image",
          "assetId": "8eLYnmEHtB6w",
          "checksum": "f23da99ce2e78849f6ae387b828b3ba8"
        },
        {
          "type": "image",
          "assetId": "rLCpoFcn3Ttg",
          "checksum": "56912009a7393da2568169219709fe09"
        },
        {
          "type": "image",
          "assetId": "ytf02o93prAS",
          "checksum": "ffced01bd203c227406d7ec7fc1339b1"
        },
        {
          "type": "image",
          "assetId": "xEThtB2KUe1n",
          "checksum": "8741d7fb117307b4910fff9a1c6e5927"
        },
        {
          "type": "image",
          "assetId": "06AeIBoPY3En",
          "checksum": "677c55c2a67cebc1c1d6889724003fed"
        },
        {
          "type": "image",
          "assetId": "VXO3s1kmTsZf",
          "checksum": "d1207849802226d39939afffb4e51832"
        },
        {
          "type": "image",
          "assetId": "rdKjh3sZd1e9",
          "checksum": "0c6992598175af3bca6f0feea96f7344"
        },
        {
          "type": "image",
          "assetId": "XfHkiokdiBDQ",
          "checksum": "e4c2b5b00f753e0a467f67190447fd02"
        },
        {
          "type": "image",
          "assetId": "Nnm4Wu__FZmL",
          "checksum": "0d92eeb670acb4af878cae12fbd3cdfb"
        },
        {
          "type": "image",
          "assetId": "jkOdk7FtBE4q",
          "checksum": "6f58869ebcdf4a214f87c2dec2c34321"
        },
        {
          "type": "image",
          "assetId": "bj4OR4mRxyvb",
          "checksum": "04dd90b8765dc9fd31ba3a36e01d6f20"
        },
        {
          "type": "image",
          "assetId": "R-F21GL9fbpC",
          "checksum": "62e1ef629d92ab74ca2c6071e7ea37c9"
        },
        {
          "type": "image",
          "assetId": "lvLMCAl5CSTR",
          "checksum": "0ad9ea51b7113afa7a495e7ba953b7f5"
        },
        {
          "type": "image",
          "assetId": "2Y4icNhxOdOZ",
          "checksum": "2cc8e1610148965b8fab7f4053730a96"
        },
        {
          "type": "image",
          "assetId": "5QR_t-BjI38u",
          "checksum": "278912bc331cc6da219bb28cd29d20c8"
        },
        {
          "type": "image",
          "assetId": "aogwTVwXASv0",
          "checksum": "b72f6848932655d891aac41445c4a661"
        },
        {
          "type": "image",
          "assetId": "T1TdbKFEQR-9",
          "checksum": "87baf811d14835210174ff81ad68fec4"
        },
        {
          "type": "image",
          "assetId": "ZIX9DFjPKzKV",
          "checksum": "bde0ea1b57a9f2ce5bc785e95cf55700"
        },
        {
          "type": "image",
          "assetId": "ffVQlhnpkLuY",
          "checksum": "f6b30a4f43aaf363c22233ea630155b4"
        },
        {
          "type": "image",
          "assetId": "eSKfXdDXkgkB",
          "checksum": "bc2f9268394c6a67f15d92526beddd35"
        },
        {
          "type": "image",
          "assetId": "FwKpFyzxZaD1",
          "checksum": "ee84ac32ffa149104dd2b1d7c4694ced"
        },
        {
          "type": "image",
          "assetId": "RRuj8bLcKcYo",
          "checksum": "d0696b42b86c8d6f1ab668aa2c6d030d"
        },
        {
          "type": "image",
          "assetId": "d5xBDfNDIb_b",
          "checksum": "9b39ea20461720e78b43a806cbccb895"
        },
        {
          "type": "image",
          "assetId": "MtPjJSPkcb2S",
          "checksum": "956f62676501436f47cae43c8c1ce55e"
        },
        {
          "type": "image",
          "assetId": "rSjqjfyl1X7O",
          "checksum": "3a0c423c63193e8d1681a3f7ddaf841c"
        },
        {
          "type": "image",
          "assetId": "-j_8c2cBwsVA",
          "checksum": "266df83cede77e6cc5d42daa3bbe589d"
        },
        {
          "type": "image",
          "assetId": "CukQCVD7LREL",
          "checksum": "477e0e054df7a93d7e19a690b8ec286f"
        },
        {
          "type": "image",
          "assetId": "rFDJy-V4ksHE",
          "checksum": "c65bfca51480b1b34530363d3ad3856a"
        },
        {
          "type": "image",
          "assetId": "yYQm2s85NRZG",
          "checksum": "0c86b886ee197e5b1d3de83b767617f6"
        },
        {
          "type": "image",
          "assetId": "yRTBRp1a1QIM",
          "checksum": "51041d0d8017c08fc048fa6d3a47f8ff"
        },
        {
          "type": "image",
          "assetId": "vimrcdQfYWny",
          "checksum": "8746dfd7ccd2055cf5ddfaac094a4ba3"
        },
        {
          "type": "image",
          "assetId": "pB1Ai7I_bH4r",
          "checksum": "2083dac7d159fe871d9b3c3b31ce66bf"
        },
        {
          "type": "image",
          "assetId": "RqY9_UKJZ4lj",
          "checksum": "20befd056210696c294b7b969d612775"
        },
        {
          "type": "image",
          "assetId": "AykbwB0pHjvP",
          "checksum": "95b07af69db810d173cdaa5d76c7b4a9"
        },
        {
          "type": "image",
          "assetId": "POIciAUT81B4",
          "checksum": "f18873052c92c121cc48d53cdae7de31"
        },
        {
          "type": "image",
          "assetId": "Ez0I0DMchijY",
          "checksum": "eeffc5339f2e0d0725f5e26e2b41ff86"
        },
        {
          "type": "image",
          "assetId": "-EjfAvVoI9gD",
          "checksum": "a3873df7d3e37d89490f98ed7464a265"
        },
        {
          "type": "image",
          "assetId": "kjMQ076aE_LW",
          "checksum": "b64c6b11a298ee2c5fd8c58318df7845"
        },
        {
          "type": "image",
          "assetId": "ZS5ZF_NWo1BM",
          "checksum": "6f7774ddd38acfb0d332e40d9fe52815"
        },
        {
          "type": "image",
          "assetId": "BgWepffrDJxr",
          "checksum": "1f421f7786f563a8ab1ff0d56abe88bc"
        },
        {
          "type": "image",
          "assetId": "NCLAxAa8qYd2",
          "checksum": "f6a4261403efec646546986e2d5d52f1"
        },
        {
          "type": "image",
          "assetId": "DfajAxXN-NSc",
          "checksum": "b457e3d6ea62ce2bddc04f6836d64b4a"
        },
        {
          "type": "image",
          "assetId": "H6pF-oPeH1FN",
          "checksum": "fd832807db37335df2e8e1d86180713a"
        },
        {
          "type": "image",
          "assetId": "WKoZxzEb8rs6",
          "checksum": "935b6072c63cf9a8ba3bc4bf0784034e"
        },
        {
          "type": "image",
          "assetId": "ebhNp51k7IQZ",
          "checksum": "da89640797fb5a7da4037b6c9ba84476"
        },
        {
          "type": "image",
          "assetId": "AkKrggVTgSki",
          "checksum": "dea28132557565bb58b29d7e20ede12d"
        },
        {
          "type": "image",
          "assetId": "ebhJjhUubYVX",
          "checksum": "bc39a36687060ec5da623c9590165d45"
        },
        {
          "type": "image",
          "assetId": "QdJ4yFIiNLH3",
          "checksum": "7f703b64f314fd8f10e327dbe9cf2c06"
        },
        {
          "type": "image",
          "assetId": "qwCpWJx3AXWm",
          "checksum": "2b7bf2a39be18ef0cd4e4bb11b3b553a"
        },
        {
          "type": "image",
          "assetId": "cm41WE7xAFpy",
          "checksum": "2669c1e7458b4c007d942bcfdc6bd7c7"
        },
        {
          "type": "image",
          "assetId": "qVf2svRL9pA3",
          "checksum": "80fe9dbc201a19f20276dc31371ff91b"
        },
        {
          "type": "image",
          "assetId": "GKsmyP3jduUM",
          "checksum": "0608627b6de8bb7cbd21546b21566f97"
        },
        {
          "type": "image",
          "assetId": "fgL4nFeO7N9Z",
          "checksum": "08a88bbbb723613580aa9b75f3382047"
        },
        {
          "type": "image",
          "assetId": "-u6OE1ySEJt5",
          "checksum": "3acfd6394ff2e522d60364cf262e598d"
        },
        {
          "type": "image",
          "assetId": "nBQs6N6-0Esq",
          "checksum": "c4b5c1f451223334765a7ed3f3c4a59b"
        },
        {
          "type": "image",
          "assetId": "vEPKP9_QHHLR",
          "checksum": "6b31ce51e734b2848a2221c208f583e1"
        },
        {
          "type": "image",
          "assetId": "0O08BczU9Itt",
          "checksum": "1baaa0ba1dcfccf0555edfc2574d023a"
        },
        {
          "type": "image",
          "assetId": "NjsBAk6HzeAX",
          "checksum": "5f438747384d9638633529ea2c961b93"
        },
        {
          "type": "image",
          "assetId": "MzEw4368atx1",
          "checksum": "6fbff8f3f0615f165de7dea1ce851984"
        },
        {
          "type": "image",
          "assetId": "xk3cmDcBdCWm",
          "checksum": "298310db7de8ddde210e14f491cf43b0"
        },
        {
          "type": "image",
          "assetId": "JRjUKp7i0k7e",
          "checksum": "84119f88eac54756045e2206a10d8cc1"
        },
        {
          "type": "image",
          "assetId": "1KHq7bWAOm70",
          "checksum": "3520b8368679a1f45f1d7d6b8bab8d0d"
        },
        {
          "type": "image",
          "assetId": "jEtCsGzI9epg",
          "checksum": "fb626c8414e9537fb6ef875d9f598f0a"
        },
        {
          "type": "image",
          "assetId": "KSx4QqdDgzet",
          "checksum": "bca52081df8dbf8a82c4b19b8ca82058"
        },
        {
          "type": "image",
          "assetId": "KitVfhvylkR4",
          "checksum": "00a01d9d186fe8cd0a689588fe7c16b0"
        },
        {
          "type": "image",
          "assetId": "LEDt1tkTg3yf",
          "checksum": "7acc98279f07c920a706ca8f7bedec01"
        },
        {
          "type": "image",
          "assetId": "Eo9A-tm5qQ_H",
          "checksum": "5301d601cbcd8b8ae16406a9cace4c53"
        },
        {
          "type": "image",
          "assetId": "2NbBWGRDgVyE",
          "checksum": "b67f7c7c1bf04aacee6e2b6236cf23a6"
        },
        {
          "type": "image",
          "assetId": "-AtIKMWPipVM",
          "checksum": "9837bdf0929c7ba1a131de2f58a484f6"
        }
      ],
      "codegenVersion": "0.0.1"
    }
  ],
  "cliVersion": "0.1.338"
}
